// !$*UTF8*$!
{
	archiveVersion = 1;
	classes = {
	};
	objectVersion = 46;
	objects = {

/* Begin PBXBuildFile section */
		4CB90B8A1B14E195002E3DFA /* AppDelegate.m in Sources */ = {isa = PBXBuildFile; fileRef = 4CB90B891B14E195002E3DFA /* AppDelegate.m */; };
		4CB90B8C1B14E195002E3DFA /* main.m in Sources */ = {isa = PBXBuildFile; fileRef = 4CB90B8B1B14E195002E3DFA /* main.m */; };
		4CB90B8E1B14E195002E3DFA /* Images.xcassets in Resources */ = {isa = PBXBuildFile; fileRef = 4CB90B8D1B14E195002E3DFA /* Images.xcassets */; };
		4CB90B911B14E195002E3DFA /* MainMenu.xib in Resources */ = {isa = PBXBuildFile; fileRef = 4CB90B8F1B14E195002E3DFA /* MainMenu.xib */; };
		4CB90B9D1B14E195002E3DFA /* JS_function_and_ObjC_method_connectorTests.m in Sources */ = {isa = PBXBuildFile; fileRef = 4CB90B9C1B14E195002E3DFA /* JS_function_and_ObjC_method_connectorTests.m */; };
		4CB90BA71B14E209002E3DFA /* local_page.html in Resources */ = {isa = PBXBuildFile; fileRef = 4CB90BA61B14E209002E3DFA /* local_page.html */; };
		4CB90BA91B14E2D5002E3DFA /* WebKit.framework in Frameworks */ = {isa = PBXBuildFile; fileRef = 4CB90BA81B14E2D5002E3DFA /* WebKit.framework */; };
/* End PBXBuildFile section */

/* Begin PBXContainerItemProxy section */
		4CB90B971B14E195002E3DFA /* PBXContainerItemProxy */ = {
			isa = PBXContainerItemProxy;
			containerPortal = 4CB90B7B1B14E195002E3DFA /* Project object */;
			proxyType = 1;
			remoteGlobalIDString = 4CB90B821B14E195002E3DFA;
			remoteInfo = "JS function and ObjC method connector";
		};
/* End PBXContainerItemProxy section */

/* Begin PBXFileReference section */
		4CB90B831B14E195002E3DFA /* JS function and ObjC method connector.app */ = {isa = PBXFileReference; explicitFileType = wrapper.application; includeInIndex = 0; path = "JS function and ObjC method connector.app"; sourceTree = BUILT_PRODUCTS_DIR; };
		4CB90B871B14E195002E3DFA /* Info.plist */ = {isa = PBXFileReference; lastKnownFileType = text.plist.xml; path = Info.plist; sourceTree = "<group>"; };
		4CB90B881B14E195002E3DFA /* AppDelegate.h */ = {isa = PBXFileReference; lastKnownFileType = sourcecode.c.h; path = AppDelegate.h; sourceTree = "<group>"; };
		4CB90B891B14E195002E3DFA /* AppDelegate.m */ = {isa = PBXFileReference; lastKnownFileType = sourcecode.c.objc; path = AppDelegate.m; sourceTree = "<group>"; };
		4CB90B8B1B14E195002E3DFA /* main.m */ = {isa = PBXFileReference; lastKnownFileType = sourcecode.c.objc; path = main.m; sourceTree = "<group>"; };
		4CB90B8D1B14E195002E3DFA /* Images.xcassets */ = {isa = PBXFileReference; lastKnownFileType = folder.assetcatalog; path = Images.xcassets; sourceTree = "<group>"; };
		4CB90B901B14E195002E3DFA /* Base */ = {isa = PBXFileReference; lastKnownFileType = file.xib; name = Base; path = Base.lproj/MainMenu.xib; sourceTree = "<group>"; };
		4CB90B961B14E195002E3DFA /* JS function and ObjC method connectorTests.xctest */ = {isa = PBXFileReference; explicitFileType = wrapper.cfbundle; includeInIndex = 0; path = "JS function and ObjC method connectorTests.xctest"; sourceTree = BUILT_PRODUCTS_DIR; };
		4CB90B9B1B14E195002E3DFA /* Info.plist */ = {isa = PBXFileReference; lastKnownFileType = text.plist.xml; path = Info.plist; sourceTree = "<group>"; };
		4CB90B9C1B14E195002E3DFA /* JS_function_and_ObjC_method_connectorTests.m */ = {isa = PBXFileReference; lastKnownFileType = sourcecode.c.objc; path = JS_function_and_ObjC_method_connectorTests.m; sourceTree = "<group>"; };
		4CB90BA61B14E209002E3DFA /* local_page.html */ = {isa = PBXFileReference; fileEncoding = 4; lastKnownFileType = text.html; path = local_page.html; sourceTree = "<group>"; };
		4CB90BA81B14E2D5002E3DFA /* WebKit.framework */ = {isa = PBXFileReference; lastKnownFileType = wrapper.framework; name = WebKit.framework; path = System/Library/Frameworks/WebKit.framework; sourceTree = SDKROOT; };
/* End PBXFileReference section */

/* Begin PBXFrameworksBuildPhase section */
		4CB90B801B14E195002E3DFA /* Frameworks */ = {
			isa = PBXFrameworksBuildPhase;
			buildActionMask = 2147483647;
			files = (
				4CB90BA91B14E2D5002E3DFA /* WebKit.framework in Frameworks */,
			);
			runOnlyForDeploymentPostprocessing = 0;
		};
		4CB90B931B14E195002E3DFA /* Frameworks */ = {
			isa = PBXFrameworksBuildPhase;
			buildActionMask = 2147483647;
			files = (
			);
			runOnlyForDeploymentPostprocessing = 0;
		};
/* End PBXFrameworksBuildPhase section */

/* Begin PBXGroup section */
		4CB90B7A1B14E195002E3DFA = {
			isa = PBXGroup;
			children = (
				4CB90BA81B14E2D5002E3DFA /* WebKit.framework */,
				4CB90B851B14E195002E3DFA /* JS function and ObjC method connector */,
				4CB90B991B14E195002E3DFA /* JS function and ObjC method connectorTests */,
				4CB90B841B14E195002E3DFA /* Products */,
			);
			sourceTree = "<group>";
		};
		4CB90B841B14E195002E3DFA /* Products */ = {
			isa = PBXGroup;
			children = (
				4CB90B831B14E195002E3DFA /* JS function and ObjC method connector.app */,
				4CB90B961B14E195002E3DFA /* JS function and ObjC method connectorTests.xctest */,
			);
			name = Products;
			sourceTree = "<group>";
		};
		4CB90B851B14E195002E3DFA /* JS function and ObjC method connector */ = {
			isa = PBXGroup;
			children = (
				4CB90B881B14E195002E3DFA /* AppDelegate.h */,
				4CB90B891B14E195002E3DFA /* AppDelegate.m */,
				4CB90B8D1B14E195002E3DFA /* Images.xcassets */,
				4CB90B8F1B14E195002E3DFA /* MainMenu.xib */,
				4CB90B861B14E195002E3DFA /* Supporting Files */,
				4CB90BA61B14E209002E3DFA /* local_page.html */,
			);
			path = "JS function and ObjC method connector";
			sourceTree = "<group>";
		};
		4CB90B861B14E195002E3DFA /* Supporting Files */ = {
			isa = PBXGroup;
			children = (
				4CB90B871B14E195002E3DFA /* Info.plist */,
				4CB90B8B1B14E195002E3DFA /* main.m */,
			);
			name = "Supporting Files";
			sourceTree = "<group>";
		};
		4CB90B991B14E195002E3DFA /* JS function and ObjC method connectorTests */ = {
			isa = PBXGroup;
			children = (
				4CB90B9C1B14E195002E3DFA /* JS_function_and_ObjC_method_connectorTests.m */,
				4CB90B9A1B14E195002E3DFA /* Supporting Files */,
			);
			path = "JS function and ObjC method connectorTests";
			sourceTree = "<group>";
		};
		4CB90B9A1B14E195002E3DFA /* Supporting Files */ = {
			isa = PBXGroup;
			children = (
				4CB90B9B1B14E195002E3DFA /* Info.plist */,
			);
			name = "Supporting Files";
			sourceTree = "<group>";
		};
/* End PBXGroup section */

/* Begin PBXNativeTarget section */
		4CB90B821B14E195002E3DFA /* JS function and ObjC method connector */ = {
			isa = PBXNativeTarget;
			buildConfigurationList = 4CB90BA01B14E195002E3DFA /* Build configuration list for PBXNativeTarget "JS function and ObjC method connector" */;
			buildPhases = (
				4CB90B7F1B14E195002E3DFA /* Sources */,
				4CB90B801B14E195002E3DFA /* Frameworks */,
				4CB90B811B14E195002E3DFA /* Resources */,
			);
			buildRules = (
			);
			dependencies = (
			);
			name = "JS function and ObjC method connector";
			productName = "JS function and ObjC method connector";
			productReference = 4CB90B831B14E195002E3DFA /* JS function and ObjC method connector.app */;
			productType = "com.apple.product-type.application";
		};
		4CB90B951B14E195002E3DFA /* JS function and ObjC method connectorTests */ = {
			isa = PBXNativeTarget;
			buildConfigurationList = 4CB90BA31B14E195002E3DFA /* Build configuration list for PBXNativeTarget "JS function and ObjC method connectorTests" */;
			buildPhases = (
				4CB90B921B14E195002E3DFA /* Sources */,
				4CB90B931B14E195002E3DFA /* Frameworks */,
				4CB90B941B14E195002E3DFA /* Resources */,
			);
			buildRules = (
			);
			dependencies = (
				4CB90B981B14E195002E3DFA /* PBXTargetDependency */,
			);
			name = "JS function and ObjC method connectorTests";
			productName = "JS function and ObjC method connectorTests";
			productReference = 4CB90B961B14E195002E3DFA /* JS function and ObjC method connectorTests.xctest */;
			productType = "com.apple.product-type.bundle.unit-test";
		};
/* End PBXNativeTarget section */

/* Begin PBXProject section */
		4CB90B7B1B14E195002E3DFA /* Project object */ = {
			isa = PBXProject;
			attributes = {
				LastUpgradeCheck = 0610;
				ORGANIZATIONNAME = "Michael Diedrick";
				TargetAttributes = {
					4CB90B821B14E195002E3DFA = {
						CreatedOnToolsVersion = 6.1.1;
					};
					4CB90B951B14E195002E3DFA = {
						CreatedOnToolsVersion = 6.1.1;
						TestTargetID = 4CB90B821B14E195002E3DFA;
					};
				};
			};
			buildConfigurationList = 4CB90B7E1B14E195002E3DFA /* Build configuration list for PBXProject "JS function and ObjC method connector" */;
			compatibilityVersion = "Xcode 3.2";
			developmentRegion = English;
			hasScannedForEncodings = 0;
			knownRegions = (
				en,
				Base,
			);
			mainGroup = 4CB90B7A1B14E195002E3DFA;
			productRefGroup = 4CB90B841B14E195002E3DFA /* Products */;
			projectDirPath = "";
			projectRoot = "";
			targets = (
				4CB90B821B14E195002E3DFA /* JS function and ObjC method connector */,
				4CB90B951B14E195002E3DFA /* JS function and ObjC method connectorTests */,
			);
		};
/* End PBXProject section */

/* Begin PBXResourcesBuildPhase section */
		4CB90B811B14E195002E3DFA /* Resources */ = {
			isa = PBXResourcesBuildPhase;
			buildActionMask = 2147483647;
			files = (
				4CB90B8E1B14E195002E3DFA /* Images.xcassets in Resources */,
				4CB90BA71B14E209002E3DFA /* local_page.html in Resources */,
				4CB90B911B14E195002E3DFA /* MainMenu.xib in Resources */,
			);
			runOnlyForDeploymentPostprocessing = 0;
		};
		4CB90B941B14E195002E3DFA /* Resources */ = {
			isa = PBXResourcesBuildPhase;
			buildActionMask = 2147483647;
			files = (
			);
			runOnlyForDeploymentPostprocessing = 0;
		};
/* End PBXResourcesBuildPhase section */

/* Begin PBXSourcesBuildPhase section */
		4CB90B7F1B14E195002E3DFA /* Sources */ = {
			isa = PBXSourcesBuildPhase;
			buildActionMask = 2147483647;
			files = (
				4CB90B8C1B14E195002E3DFA /* main.m in Sources */,
				4CB90B8A1B14E195002E3DFA /* AppDelegate.m in Sources */,
			);
			runOnlyForDeploymentPostprocessing = 0;
		};
		4CB90B921B14E195002E3DFA /* Sources */ = {
			isa = PBXSourcesBuildPhase;
			buildActionMask = 2147483647;
			files = (
				4CB90B9D1B14E195002E3DFA /* JS_function_and_ObjC_method_connectorTests.m in Sources */,
			);
			runOnlyForDeploymentPostprocessing = 0;
		};
/* End PBXSourcesBuildPhase section */

/* Begin PBXTargetDependency section */
		4CB90B981B14E195002E3DFA /* PBXTargetDependency */ = {
			isa = PBXTargetDependency;
			target = 4CB90B821B14E195002E3DFA /* JS function and ObjC method connector */;
			targetProxy = 4CB90B971B14E195002E3DFA /* PBXContainerItemProxy */;
		};
/* End PBXTargetDependency section */

/* Begin PBXVariantGroup section */
		4CB90B8F1B14E195002E3DFA /* MainMenu.xib */ = {
			isa = PBXVariantGroup;
			children = (
				4CB90B901B14E195002E3DFA /* Base */,
			);
			name = MainMenu.xib;
			sourceTree = "<group>";
		};
/* End PBXVariantGroup section */

/* Begin XCBuildConfiguration section */
		4CB90B9E1B14E195002E3DFA /* Debug */ = {
			isa = XCBuildConfiguration;
			buildSettings = {
				ALWAYS_SEARCH_USER_PATHS = NO;
				CLANG_CXX_LANGUAGE_STANDARD = "gnu++0x";
				CLANG_CXX_LIBRARY = "libc++";
				CLANG_ENABLE_MODULES = YES;
				CLANG_ENABLE_OBJC_ARC = YES;
				CLANG_WARN_BOOL_CONVERSION = YES;
				CLANG_WARN_CONSTANT_CONVERSION = YES;
				CLANG_WARN_DIRECT_OBJC_ISA_USAGE = YES_ERROR;
				CLANG_WARN_EMPTY_BODY = YES;
				CLANG_WARN_ENUM_CONVERSION = YES;
				CLANG_WARN_INT_CONVERSION = YES;
				CLANG_WARN_OBJC_ROOT_CLASS = YES_ERROR;
				CLANG_WARN_UNREACHABLE_CODE = YES;
				CLANG_WARN__DUPLICATE_METHOD_MATCH = YES;
				CODE_SIGN_IDENTITY = "-";
				COPY_PHASE_STRIP = NO;
				ENABLE_STRICT_OBJC_MSGSEND = YES;
				GCC_C_LANGUAGE_STANDARD = gnu99;
				GCC_DYNAMIC_NO_PIC = NO;
				GCC_OPTIMIZATION_LEVEL = 0;
				GCC_PREPROCESSOR_DEFINITIONS = (
					"DEBUG=1",
					"$(inherited)",
				);
				GCC_SYMBOLS_PRIVATE_EXTERN = NO;
				GCC_WARN_64_TO_32_BIT_CONVERSION = YES;
				GCC_WARN_ABOUT_RETURN_TYPE = YES_ERROR;
				GCC_WARN_UNDECLARED_SELECTOR = YES;
				GCC_WARN_UNINITIALIZED_AUTOS = YES_AGGRESSIVE;
				GCC_WARN_UNUSED_FUNCTION = YES;
				GCC_WARN_UNUSED_VARIABLE = YES;
				MACOSX_DEPLOYMENT_TARGET = 10.9;
				MTL_ENABLE_DEBUG_INFO = YES;
				ONLY_ACTIVE_ARCH = YES;
				SDKROOT = macosx;
			};
			name = Debug;
		};
		4CB90B9F1B14E195002E3DFA /* Release */ = {
			isa = XCBuildConfiguration;
			buildSettings = {
				ALWAYS_SEARCH_USER_PATHS = NO;
				CLANG_CXX_LANGUAGE_STANDARD = "gnu++0x";
				CLANG_CXX_LIBRARY = "libc++";
				CLANG_ENABLE_MODULES = YES;
				CLANG_ENABLE_OBJC_ARC = YES;
				CLANG_WARN_BOOL_CONVERSION = YES;
				CLANG_WARN_CONSTANT_CONVERSION = YES;
				CLANG_WARN_DIRECT_OBJC_ISA_USAGE = YES_ERROR;
				CLANG_WARN_EMPTY_BODY = YES;
				CLANG_WARN_ENUM_CONVERSION = YES;
				CLANG_WARN_INT_CONVERSION = YES;
				CLANG_WARN_OBJC_ROOT_CLASS = YES_ERROR;
				CLANG_WARN_UNREACHABLE_CODE = YES;
				CLANG_WARN__DUPLICATE_METHOD_MATCH = YES;
				CODE_SIGN_IDENTITY = "-";
				COPY_PHASE_STRIP = YES;
				DEBUG_INFORMATION_FORMAT = "dwarf-with-dsym";
				ENABLE_NS_ASSERTIONS = NO;
				ENABLE_STRICT_OBJC_MSGSEND = YES;
				GCC_C_LANGUAGE_STANDARD = gnu99;
				GCC_WARN_64_TO_32_BIT_CONVERSION = YES;
				GCC_WARN_ABOUT_RETURN_TYPE = YES_ERROR;
				GCC_WARN_UNDECLARED_SELECTOR = YES;
				GCC_WARN_UNINITIALIZED_AUTOS = YES_AGGRESSIVE;
				GCC_WARN_UNUSED_FUNCTION = YES;
				GCC_WARN_UNUSED_VARIABLE = YES;
				MACOSX_DEPLOYMENT_TARGET = 10.9;
				MTL_ENABLE_DEBUG_INFO = NO;
				SDKROOT = macosx;
			};
			name = Release;
		};
		4CB90BA11B14E195002E3DFA /* Debug */ = {
			isa = XCBuildConfiguration;
			buildSettings = {
				ASSETCATALOG_COMPILER_APPICON_NAME = AppIcon;
				COMBINE_HIDPI_IMAGES = YES;
				INFOPLIST_FILE = "JS function and ObjC method connector/Info.plist";
				LD_RUNPATH_SEARCH_PATHS = "$(inherited) @executable_path/../Frameworks";
				PRODUCT_NAME = "$(TARGET_NAME)";
			};
			name = Debug;
		};
		4CB90BA21B14E195002E3DFA /* Release */ = {
			isa = XCBuildConfiguration;
			buildSettings = {
				ASSETCATALOG_COMPILER_APPICON_NAME = AppIcon;
				COMBINE_HIDPI_IMAGES = YES;
				INFOPLIST_FILE = "JS function and ObjC method connector/Info.plist";
				LD_RUNPATH_SEARCH_PATHS = "$(inherited) @executable_path/../Frameworks";
				PRODUCT_NAME = "$(TARGET_NAME)";
			};
			name = Release;
		};
		4CB90BA41B14E195002E3DFA /* Debug */ = {
			isa = XCBuildConfiguration;
			buildSettings = {
				BUNDLE_LOADER = "$(TEST_HOST)";
				COMBINE_HIDPI_IMAGES = YES;
				FRAMEWORK_SEARCH_PATHS = (
					"$(DEVELOPER_FRAMEWORKS_DIR)",
					"$(inherited)",
				);
				GCC_PREPROCESSOR_DEFINITIONS = (
					"DEBUG=1",
					"$(inherited)",
				);
				INFOPLIST_FILE = "JS function and ObjC method connectorTests/Info.plist";
				LD_RUNPATH_SEARCH_PATHS = "$(inherited) @executable_path/../Frameworks @loader_path/../Frameworks";
				PRODUCT_NAME = "$(TARGET_NAME)";
				TEST_HOST = "$(BUILT_PRODUCTS_DIR)/JS function and ObjC method connector.app/Contents/MacOS/JS function and ObjC method connector";
			};
			name = Debug;
		};
		4CB90BA51B14E195002E3DFA /* Release */ = {
			isa = XCBuildConfiguration;
			buildSettings = {
				BUNDLE_LOADER = "$(TEST_HOST)";
				COMBINE_HIDPI_IMAGES = YES;
				FRAMEWORK_SEARCH_PATHS = (
					"$(DEVELOPER_FRAMEWORKS_DIR)",
					"$(inherited)",
				);
				INFOPLIST_FILE = "JS function and ObjC method connectorTests/Info.plist";
				LD_RUNPATH_SEARCH_PATHS = "$(inherited) @executable_path/../Frameworks @loader_path/../Frameworks";
				PRODUCT_NAME = "$(TARGET_NAME)";
				TEST_HOST = "$(BUILT_PRODUCTS_DIR)/JS function and ObjC method connector.app/Contents/MacOS/JS function and ObjC method connector";
			};
			name = Release;
		};
/* End XCBuildConfiguration section */

/* Begin XCConfigurationList section */
		4CB90B7E1B14E195002E3DFA /* Build configuration list for PBXProject "JS function and ObjC method connector" */ = {
			isa = XCConfigurationList;
			buildConfigurations = (
				4CB90B9E1B14E195002E3DFA /* Debug */,
				4CB90B9F1B14E195002E3DFA /* Release */,
			);
			defaultConfigurationIsVisible = 0;
			defaultConfigurationName = Release;
		};
		4CB90BA01B14E195002E3DFA /* Build configuration list for PBXNativeTarget "JS function and ObjC method connector" */ = {
			isa = XCConfigurationList;
			buildConfigurations = (
				4CB90BA11B14E195002E3DFA /* Debug */,
				4CB90BA21B14E195002E3DFA /* Release */,
			);
			defaultConfigurationIsVisible = 0;
		};
		4CB90BA31B14E195002E3DFA /* Build configuration list for PBXNativeTarget "JS function and ObjC method connectorTests" */ = {
			isa = XCConfigurationList;
			buildConfigurations = (
				4CB90BA41B14E195002E3DFA /* Debug */,
				4CB90BA51B14E195002E3DFA /* Release */,
			);
			defaultConfigurationIsVisible = 0;
		};
/* End XCConfigurationList section */
	};
	rootObject = 4CB90B7B1B14E195002E3DFA /* Project object */;
}
